
Microsoft Visual Studio Solution File, Format Version 12.00
# Visual Studio 15
VisualStudioVersion = 15.0.27130.2027
MinimumVisualStudioVersion = 10.0.40219.1
Project("{9A19103F-16F7-4668-BE54-9A1E7A4F7556}") = "ChomadoVoice", "ChomadoVoice\ChomadoVoice.csproj", "{5FA279AB-43A4-412E-9D66-9BB518DC6BED}"
EndProject
Global
	GlobalSection(SolutionConfigurationPlatforms) = preSolution
		Debug|Any CPU = Debug|Any CPU
		Release|Any CPU = Release|Any CPU
	EndGlobalSection
	GlobalSection(ProjectConfigurationPlatforms) = postSolution
		{5FA279AB-43A4-412E-9D66-9BB518DC6BED}.Debug|Any CPU.ActiveCfg = Debug|Any CPU
		{5FA279AB-43A4-412E-9D66-9BB518DC6BED}.Debug|Any CPU.Build.0 = Debug|Any CPU
		{5FA279AB-43A4-412E-9D66-9BB518DC6BED}.Release|Any CPU.ActiveCfg = Release|Any CPU
		{5FA279AB-43A4-412E-9D66-9BB518DC6BED}.Release|Any CPU.Build.0 = Release|Any CPU
	EndGlobalSection
	GlobalSection(SolutionProperties) = preSolution
		HideSolutionNode = FALSE
	EndGlobalSection
	GlobalSection(ExtensibilityGlobals) = postSolution
		SolutionGuid = {3BB45564-FBCB-4A69-8486-3445E0B89D12}
	EndGlobalSection
EndGlobal
